
Microsoft Visual Studio Solution File, Format Version 12.00
# Visual Studio Version 17
VisualStudioVersion = 17.12.35527.113 d17.12
MinimumVisualStudioVersion = 10.0.40219.1
Project("{9A19103F-16F7-4668-BE54-9A1E7A4F7556}") = "PoEAssetUpdater", "PoEAssetUpdater\PoEAssetUpdater.csproj", "{D0D88BCD-BE3B-4B95-A018-83AC9753FE94}"
EndProject
Project("{9A19103F-16F7-4668-BE54-9A1E7A4F7556}") = "PoEAssetReader", "PoEAssetReader\PoEAssetReader.csproj", "{72072A32-E1BB-46FE-BACD-790467E1B8F1}"
EndProject
Project("{FAE04EC0-301F-11D3-BF4B-00C04F79EFBC}") = "PoEAssetVisualizer", "PoEAssetVisualizer\PoEAssetVisualizer.csproj", "{F809836B-CEA7-4944-B46E-3C94BED4211C}"
EndProject
Project("{FAE04EC0-301F-11D3-BF4B-00C04F79EFBC}") = "PoE2AssetUpdater", "PoE2AssetUpdater\PoE2AssetUpdater.csproj", "{09158881-6337-487A-95E0-7FDE2BC8DCDF}"
EndProject
Global
	GlobalSection(SolutionConfigurationPlatforms) = preSolution
		Debug|Any CPU = Debug|Any CPU
		Release|Any CPU = Release|Any CPU
	EndGlobalSection
	GlobalSection(ProjectConfigurationPlatforms) = postSolution
		{D0D88BCD-BE3B-4B95-A018-83AC9753FE94}.Debug|Any CPU.ActiveCfg = Debug|Any CPU
		{D0D88BCD-BE3B-4B95-A018-83AC9753FE94}.Debug|Any CPU.Build.0 = Debug|Any CPU
		{D0D88BCD-BE3B-4B95-A018-83AC9753FE94}.Release|Any CPU.ActiveCfg = Release|Any CPU
		{D0D88BCD-BE3B-4B95-A018-83AC9753FE94}.Release|Any CPU.Build.0 = Release|Any CPU
		{72072A32-E1BB-46FE-BACD-790467E1B8F1}.Debug|Any CPU.ActiveCfg = Debug|Any CPU
		{72072A32-E1BB-46FE-BACD-790467E1B8F1}.Debug|Any CPU.Build.0 = Debug|Any CPU
		{72072A32-E1BB-46FE-BACD-790467E1B8F1}.Release|Any CPU.ActiveCfg = Release|Any CPU
		{72072A32-E1BB-46FE-BACD-790467E1B8F1}.Release|Any CPU.Build.0 = Release|Any CPU
		{F809836B-CEA7-4944-B46E-3C94BED4211C}.Debug|Any CPU.ActiveCfg = Debug|Any CPU
		{F809836B-CEA7-4944-B46E-3C94BED4211C}.Debug|Any CPU.Build.0 = Debug|Any CPU
		{F809836B-CEA7-4944-B46E-3C94BED4211C}.Release|Any CPU.ActiveCfg = Release|Any CPU
		{F809836B-CEA7-4944-B46E-3C94BED4211C}.Release|Any CPU.Build.0 = Release|Any CPU
		{09158881-6337-487A-95E0-7FDE2BC8DCDF}.Debug|Any CPU.ActiveCfg = Debug|Any CPU
		{09158881-6337-487A-95E0-7FDE2BC8DCDF}.Debug|Any CPU.Build.0 = Debug|Any CPU
		{09158881-6337-487A-95E0-7FDE2BC8DCDF}.Release|Any CPU.ActiveCfg = Release|Any CPU
		{09158881-6337-487A-95E0-7FDE2BC8DCDF}.Release|Any CPU.Build.0 = Release|Any CPU
	EndGlobalSection
	GlobalSection(SolutionProperties) = preSolution
		HideSolutionNode = FALSE
	EndGlobalSection
	GlobalSection(ExtensibilityGlobals) = postSolution
		SolutionGuid = {19B32499-7BE0-4730-9638-44541F07DAD7}
	EndGlobalSection
EndGlobal
